{
    "name": "setup-cli",
    "version": "1.0.2",
    "lockfileVersion": 2,
    "requires": true,
    "packages": {
        "": {
            "name": "setup-cli",
            "version": "1.0.2",
            "license": "MIT",
            "dependencies": {
                "argparse": "^2.0.1",
                "prettier": "latest"
            },
            "bin": {
                "setup-cli": "index.js"
            },
            "devDependencies": {
                "typescript": "^4.4.3"
            }
        },
        "node_modules/argparse": {
            "version": "2.0.1",
            "resolved": "https://registry.npmjs.org/argparse/-/argparse-2.0.1.tgz",
            "integrity": "sha512-8+9WqebbFzpX9OR+Wa6O29asIogeRMzcGtAINdpMHHyAg10f05aSFVBbcEqGf/PXw1EjAZ+q2/bEBg3DvurK3Q=="
        },
        "node_modules/prettier": {
            "version": "2.4.1",
            "resolved": "https://registry.npmjs.org/prettier/-/prettier-2.4.1.tgz",
            "integrity": "sha512-9fbDAXSBcc6Bs1mZrDYb3XKzDLm4EXXL9sC1LqKP5rZkT6KRr/rf9amVUcODVXgguK/isJz0d0hP72WeaKWsvA==",
            "bin": {
                "prettier": "bin-prettier.js"
            },
            "engines": {
                "node": ">=10.13.0"
            }
        },
        "node_modules/typescript": {
            "version": "4.4.3",
            "resolved": "https://registry.npmjs.org/typescript/-/typescript-4.4.3.tgz",
            "integrity": "sha512-4xfscpisVgqqDfPaJo5vkd+Qd/ItkoagnHpufr+i2QCHBsNYp+G7UAoyFl8aPtx879u38wPV65rZ8qbGZijalA==",
            "dev": true,
            "bin": {
                "tsc": "bin/tsc",
                "tsserver": "bin/tsserver"
            },
            "engines": {
                "node": ">=4.2.0"
            }
        }
    },
    "dependencies": {
        "argparse": {
            "version": "2.0.1",
            "resolved": "https://registry.npmjs.org/argparse/-/argparse-2.0.1.tgz",
            "integrity": "sha512-8+9WqebbFzpX9OR+Wa6O29asIogeRMzcGtAINdpMHHyAg10f05aSFVBbcEqGf/PXw1EjAZ+q2/bEBg3DvurK3Q=="
        },
        "prettier": {
            "version": "2.4.1",
            "resolved": "https://registry.npmjs.org/prettier/-/prettier-2.4.1.tgz",
            "integrity": "sha512-9fbDAXSBcc6Bs1mZrDYb3XKzDLm4EXXL9sC1LqKP5rZkT6KRr/rf9amVUcODVXgguK/isJz0d0hP72WeaKWsvA=="
        },
        "typescript": {
            "version": "4.4.3",
            "resolved": "https://registry.npmjs.org/typescript/-/typescript-4.4.3.tgz",
            "integrity": "sha512-4xfscpisVgqqDfPaJo5vkd+Qd/ItkoagnHpufr+i2QCHBsNYp+G7UAoyFl8aPtx879u38wPV65rZ8qbGZijalA==",
            "dev": true
        }
    }
}
